{
  "name": "plugins",
  "lockfileVersion": 3,
  "requires": true,
  "packages": {
    "": {
      "dependencies": {
        "lldb-vscode": "^0.0.1-security"
      }
    },
    "node_modules/lldb-vscode": {
      "version": "0.0.1-security",
      "resolved": "https://registry.npmjs.org/lldb-vscode/-/lldb-vscode-0.0.1-security.tgz",
      "integrity": "sha512-LMq6zxhwRjRGD/itLAz7mMCo7khlKvv8xc77ZTjNIUsF0erkrUsoV6WUb61r+gMUi2NtOk0Lf1bbHWPLbZv+lA=="
    }
  }
}
